# This file is automatically @generated by Cargo.
# It is not intended for manual editing.
version = 4

[[package]]
name = "haider-accounts"
version = "0.0.1"

[[package]]
name = "haider-cli"
version = "0.0.1"
dependencies = [
 "haider-accounts",
 "haider-core",
 "haider-protocol",
 "haider-provider",
 "haider-rpc",
 "haider-store",
 "haider-tools",
 "haider-tui",
 "haider-verify",
]

[[package]]
name = "haider-core"
version = "0.0.1"

[[package]]
name = "haider-protocol"
version = "0.0.1"

[[package]]
name = "haider-provider"
version = "0.0.1"

[[package]]
name = "haider-rpc"
version = "0.0.1"

[[package]]
name = "haider-store"
version = "0.0.1"

[[package]]
name = "haider-tools"
version = "0.0.1"

[[package]]
name = "haider-tui"
version = "0.0.1"

[[package]]
name = "haider-verify"
version = "0.0.1"

[[package]]
name = "xtask"
version = "0.0.1"
